
Microsoft Visual Studio Solution File, Format Version 12.00
# Visual Studio Version 16
VisualStudioVersion = 16.0.29418.71
MinimumVisualStudioVersion = 10.0.40219.1
Project("{FAE04EC0-301F-11D3-BF4B-00C04F79EFBC}") = "EFCoreCodeFirstSample", "EFCoreCodeFirstSample\EFCoreCodeFirstSample.csproj", "{45314582-49B4-4E5D-AA4C-D9A24F3AEC60}"
EndProject
Global
	GlobalSection(SolutionConfigurationPlatforms) = preSolution
		Debug|Any CPU = Debug|Any CPU
		Release|Any CPU = Release|Any CPU
	EndGlobalSection
	GlobalSection(ProjectConfigurationPlatforms) = postSolution
		{45314582-49B4-4E5D-AA4C-D9A24F3AEC60}.Debug|Any CPU.ActiveCfg = Debug|Any CPU
		{45314582-49B4-4E5D-AA4C-D9A24F3AEC60}.Debug|Any CPU.Build.0 = Debug|Any CPU
		{45314582-49B4-4E5D-AA4C-D9A24F3AEC60}.Release|Any CPU.ActiveCfg = Release|Any CPU
		{45314582-49B4-4E5D-AA4C-D9A24F3AEC60}.Release|Any CPU.Build.0 = Release|Any CPU
	EndGlobalSection
	GlobalSection(SolutionProperties) = preSolution
		HideSolutionNode = FALSE
	EndGlobalSection
	GlobalSection(ExtensibilityGlobals) = postSolution
		SolutionGuid = {98DA9E70-6BDF-4D7E-AE5D-CB13D9C2AE85}
	EndGlobalSection
EndGlobal
