
Microsoft Visual Studio Solution File, Format Version 12.00
# Visual Studio 15
VisualStudioVersion = 15.0.28307.421
MinimumVisualStudioVersion = 10.0.40219.1
Project("{FAE04EC0-301F-11D3-BF4B-00C04F79EFBC}") = "EFCoreCodeFirstSample", "EFCoreCodeFirstSample\EFCoreCodeFirstSample.csproj", "{CB5187ED-0EC8-496D-A464-72540020DF11}"
EndProject
Global
	GlobalSection(SolutionConfigurationPlatforms) = preSolution
		Debug|Any CPU = Debug|Any CPU
		Release|Any CPU = Release|Any CPU
	EndGlobalSection
	GlobalSection(ProjectConfigurationPlatforms) = postSolution
		{CB5187ED-0EC8-496D-A464-72540020DF11}.Debug|Any CPU.ActiveCfg = Debug|Any CPU
		{CB5187ED-0EC8-496D-A464-72540020DF11}.Debug|Any CPU.Build.0 = Debug|Any CPU
		{CB5187ED-0EC8-496D-A464-72540020DF11}.Release|Any CPU.ActiveCfg = Release|Any CPU
		{CB5187ED-0EC8-496D-A464-72540020DF11}.Release|Any CPU.Build.0 = Release|Any CPU
	EndGlobalSection
	GlobalSection(SolutionProperties) = preSolution
		HideSolutionNode = FALSE
	EndGlobalSection
	GlobalSection(ExtensibilityGlobals) = postSolution
		SolutionGuid = {A25E69EC-B62F-4CE0-ACC4-7144E4CFD69E}
	EndGlobalSection
EndGlobal
